
Microsoft Visual Studio Solution File, Format Version 12.00
# Visual Studio Version 17
VisualStudioVersion = 17.3.32714.290
MinimumVisualStudioVersion = 10.0.40219.1
Project("{FAE04EC0-301F-11D3-BF4B-00C04F79EFBC}") = "ReviseWord", "ReviseWord.csproj", "{64952C61-A4C5-4B2E-A8E9-E606722F8693}"
EndProject
Global
	GlobalSection(SolutionConfigurationPlatforms) = preSolution
		Debug|Any CPU = Debug|Any CPU
		Release|Any CPU = Release|Any CPU
	EndGlobalSection
	GlobalSection(ProjectConfigurationPlatforms) = postSolution
		{64952C61-A4C5-4B2E-A8E9-E606722F8693}.Debug|Any CPU.ActiveCfg = Debug|Any CPU
		{64952C61-A4C5-4B2E-A8E9-E606722F8693}.Debug|Any CPU.Build.0 = Debug|Any CPU
		{64952C61-A4C5-4B2E-A8E9-E606722F8693}.Release|Any CPU.ActiveCfg = Release|Any CPU
		{64952C61-A4C5-4B2E-A8E9-E606722F8693}.Release|Any CPU.Build.0 = Release|Any CPU
	EndGlobalSection
	GlobalSection(SolutionProperties) = preSolution
		HideSolutionNode = FALSE
	EndGlobalSection
	GlobalSection(ExtensibilityGlobals) = postSolution
		SolutionGuid = {B2805122-2300-46DC-954B-110CF0C25D00}
	EndGlobalSection
EndGlobal
